
Microsoft Visual Studio Solution File, Format Version 12.00
# Visual Studio Version 17
VisualStudioVersion = 17.9.34607.119
MinimumVisualStudioVersion = 10.0.40219.1
Project("{2150E333-8FDC-42A3-9474-1A3956D46DE8}") = "Services", "Services", "{DF46A73E-F4DB-4C3F-94A8-273B495162AF}"
EndProject
Project("{2150E333-8FDC-42A3-9474-1A3956D46DE8}") = "Catalog", "Catalog", "{7671E654-EA9C-4EF3-9559-DA405CF847B8}"
EndProject
Project("{9A19103F-16F7-4668-BE54-9A1E7A4F7556}") = "Catalog.API", "Services\Catalog\Catalog.API\Catalog.API.csproj", "{B247DAFF-FAD6-4E45-B8E7-A118C4377884}"
EndProject
Project("{2150E333-8FDC-42A3-9474-1A3956D46DE8}") = "BuildingBlocks", "BuildingBlocks", "{8EE5ECED-A45A-4433-A19B-B8BD073D94F3}"
EndProject
Project("{FAE04EC0-301F-11D3-BF4B-00C04F79EFBC}") = "BuildingBlocks", "BuildingBlocks\BuildingBlocks\BuildingBlocks.csproj", "{04E2648C-71C7-416E-92E6-90D6EA858A11}"
EndProject
Project("{E53339B2-1760-4266-BCC7-CA923CBCF16C}") = "docker-compose", "docker-compose.dcproj", "{6C2F44CD-4761-47A7-A0E3-40D8A0E37F7F}"
EndProject
Global
	GlobalSection(SolutionConfigurationPlatforms) = preSolution
		Debug|Any CPU = Debug|Any CPU
		Release|Any CPU = Release|Any CPU
	EndGlobalSection
	GlobalSection(ProjectConfigurationPlatforms) = postSolution
		{B247DAFF-FAD6-4E45-B8E7-A118C4377884}.Debug|Any CPU.ActiveCfg = Debug|Any CPU
		{B247DAFF-FAD6-4E45-B8E7-A118C4377884}.Debug|Any CPU.Build.0 = Debug|Any CPU
		{B247DAFF-FAD6-4E45-B8E7-A118C4377884}.Release|Any CPU.ActiveCfg = Release|Any CPU
		{B247DAFF-FAD6-4E45-B8E7-A118C4377884}.Release|Any CPU.Build.0 = Release|Any CPU
		{04E2648C-71C7-416E-92E6-90D6EA858A11}.Debug|Any CPU.ActiveCfg = Debug|Any CPU
		{04E2648C-71C7-416E-92E6-90D6EA858A11}.Debug|Any CPU.Build.0 = Debug|Any CPU
		{04E2648C-71C7-416E-92E6-90D6EA858A11}.Release|Any CPU.ActiveCfg = Release|Any CPU
		{04E2648C-71C7-416E-92E6-90D6EA858A11}.Release|Any CPU.Build.0 = Release|Any CPU
		{6C2F44CD-4761-47A7-A0E3-40D8A0E37F7F}.Debug|Any CPU.ActiveCfg = Debug|Any CPU
		{6C2F44CD-4761-47A7-A0E3-40D8A0E37F7F}.Debug|Any CPU.Build.0 = Debug|Any CPU
		{6C2F44CD-4761-47A7-A0E3-40D8A0E37F7F}.Release|Any CPU.ActiveCfg = Release|Any CPU
		{6C2F44CD-4761-47A7-A0E3-40D8A0E37F7F}.Release|Any CPU.Build.0 = Release|Any CPU
	EndGlobalSection
	GlobalSection(SolutionProperties) = preSolution
		HideSolutionNode = FALSE
	EndGlobalSection
	GlobalSection(NestedProjects) = preSolution
		{7671E654-EA9C-4EF3-9559-DA405CF847B8} = {DF46A73E-F4DB-4C3F-94A8-273B495162AF}
		{B247DAFF-FAD6-4E45-B8E7-A118C4377884} = {7671E654-EA9C-4EF3-9559-DA405CF847B8}
		{04E2648C-71C7-416E-92E6-90D6EA858A11} = {8EE5ECED-A45A-4433-A19B-B8BD073D94F3}
	EndGlobalSection
	GlobalSection(ExtensibilityGlobals) = postSolution
		SolutionGuid = {18883F19-0EF2-49BC-B409-E9EBD482F418}
	EndGlobalSection
EndGlobal
